// !$*UTF8*$!
{
	archiveVersion = 1;
	classes = {
	};
	objectVersion = 46;
	objects = {

/* Begin PBXBuildFile section */
		205AB58F1CF0B245002CDF3B /* AppDelegate.swift in Sources */ = {isa = PBXBuildFile; fileRef = 205AB58E1CF0B245002CDF3B /* AppDelegate.swift */; };
		205AB5911CF0B245002CDF3B /* ViewController.swift in Sources */ = {isa = PBXBuildFile; fileRef = 205AB5901CF0B245002CDF3B /* ViewController.swift */; };
		205AB5941CF0B245002CDF3B /* Main.storyboard in Resources */ = {isa = PBXBuildFile; fileRef = 205AB5921CF0B245002CDF3B /* Main.storyboard */; };
		205AB5961CF0B246002CDF3B /* Assets.xcassets in Resources */ = {isa = PBXBuildFile; fileRef = 205AB5951CF0B246002CDF3B /* Assets.xcassets */; };
		205AB5991CF0B246002CDF3B /* LaunchScreen.storyboard in Resources */ = {isa = PBXBuildFile; fileRef = 205AB5971CF0B246002CDF3B /* LaunchScreen.storyboard */; };
		205AB5A41CF0B246002CDF3B /* Intro2Tests.swift in Sources */ = {isa = PBXBuildFile; fileRef = 205AB5A31CF0B246002CDF3B /* Intro2Tests.swift */; };
/* End PBXBuildFile section */

/* Begin PBXContainerItemProxy section */
		205AB5A01CF0B246002CDF3B /* PBXContainerItemProxy */ = {
			isa = PBXContainerItemProxy;
			containerPortal = 205AB5831CF0B245002CDF3B /* Project object */;
			proxyType = 1;
			remoteGlobalIDString = 205AB58A1CF0B245002CDF3B;
			remoteInfo = Intro2;
		};
/* End PBXContainerItemProxy section */

/* Begin PBXFileReference section */
		205AB58B1CF0B245002CDF3B /* Intro2.app */ = {isa = PBXFileReference; explicitFileType = wrapper.application; includeInIndex = 0; path = Intro2.app; sourceTree = BUILT_PRODUCTS_DIR; };
		205AB58E1CF0B245002CDF3B /* AppDelegate.swift */ = {isa = PBXFileReference; lastKnownFileType = sourcecode.swift; path = AppDelegate.swift; sourceTree = "<group>"; };
		205AB5901CF0B245002CDF3B /* ViewController.swift */ = {isa = PBXFileReference; lastKnownFileType = sourcecode.swift; path = ViewController.swift; sourceTree = "<group>"; };
		205AB5931CF0B245002CDF3B /* Base */ = {isa = PBXFileReference; lastKnownFileType = file.storyboard; name = Base; path = Base.lproj/Main.storyboard; sourceTree = "<group>"; };
		205AB5951CF0B246002CDF3B /* Assets.xcassets */ = {isa = PBXFileReference; lastKnownFileType = folder.assetcatalog; path = Assets.xcassets; sourceTree = "<group>"; };
		205AB5981CF0B246002CDF3B /* Base */ = {isa = PBXFileReference; lastKnownFileType = file.storyboard; name = Base; path = Base.lproj/LaunchScreen.storyboard; sourceTree = "<group>"; };
		205AB59A1CF0B246002CDF3B /* Info.plist */ = {isa = PBXFileReference; lastKnownFileType = text.plist.xml; path = Info.plist; sourceTree = "<group>"; };
		205AB59F1CF0B246002CDF3B /* Intro2Tests.xctest */ = {isa = PBXFileReference; explicitFileType = wrapper.cfbundle; includeInIndex = 0; path = Intro2Tests.xctest; sourceTree = BUILT_PRODUCTS_DIR; };
		205AB5A31CF0B246002CDF3B /* Intro2Tests.swift */ = {isa = PBXFileReference; lastKnownFileType = sourcecode.swift; path = Intro2Tests.swift; sourceTree = "<group>"; };
		205AB5A51CF0B246002CDF3B /* Info.plist */ = {isa = PBXFileReference; lastKnownFileType = text.plist.xml; path = Info.plist; sourceTree = "<group>"; };
/* End PBXFileReference section */

/* Begin PBXFrameworksBuildPhase section */
		205AB5881CF0B245002CDF3B /* Frameworks */ = {
			isa = PBXFrameworksBuildPhase;
			buildActionMask = 2147483647;
			files = (
			);
			runOnlyForDeploymentPostprocessing = 0;
		};
		205AB59C1CF0B246002CDF3B /* Frameworks */ = {
			isa = PBXFrameworksBuildPhase;
			buildActionMask = 2147483647;
			files = (
			);
			runOnlyForDeploymentPostprocessing = 0;
		};
/* End PBXFrameworksBuildPhase section */

/* Begin PBXGroup section */
		205AB5821CF0B245002CDF3B = {
			isa = PBXGroup;
			children = (
				205AB58D1CF0B245002CDF3B /* Intro2 */,
				205AB5A21CF0B246002CDF3B /* Intro2Tests */,
				205AB58C1CF0B245002CDF3B /* Products */,
			);
			sourceTree = "<group>";
		};
		205AB58C1CF0B245002CDF3B /* Products */ = {
			isa = PBXGroup;
			children = (
				205AB58B1CF0B245002CDF3B /* Intro2.app */,
				205AB59F1CF0B246002CDF3B /* Intro2Tests.xctest */,
			);
			name = Products;
			sourceTree = "<group>";
		};
		205AB58D1CF0B245002CDF3B /* Intro2 */ = {
			isa = PBXGroup;
			children = (
				205AB58E1CF0B245002CDF3B /* AppDelegate.swift */,
				205AB5901CF0B245002CDF3B /* ViewController.swift */,
				205AB5921CF0B245002CDF3B /* Main.storyboard */,
				205AB5951CF0B246002CDF3B /* Assets.xcassets */,
				205AB5971CF0B246002CDF3B /* LaunchScreen.storyboard */,
				205AB59A1CF0B246002CDF3B /* Info.plist */,
			);
			path = Intro2;
			sourceTree = "<group>";
		};
		205AB5A21CF0B246002CDF3B /* Intro2Tests */ = {
			isa = PBXGroup;
			children = (
				205AB5A31CF0B246002CDF3B /* Intro2Tests.swift */,
				205AB5A51CF0B246002CDF3B /* Info.plist */,
			);
			path = Intro2Tests;
			sourceTree = "<group>";
		};
/* End PBXGroup section */

/* Begin PBXNativeTarget section */
		205AB58A1CF0B245002CDF3B /* Intro2 */ = {
			isa = PBXNativeTarget;
			buildConfigurationList = 205AB5A81CF0B246002CDF3B /* Build configuration list for PBXNativeTarget "Intro2" */;
			buildPhases = (
				205AB5871CF0B245002CDF3B /* Sources */,
				205AB5881CF0B245002CDF3B /* Frameworks */,
				205AB5891CF0B245002CDF3B /* Resources */,
			);
			buildRules = (
			);
			dependencies = (
			);
			name = Intro2;
			productName = Intro2;
			productReference = 205AB58B1CF0B245002CDF3B /* Intro2.app */;
			productType = "com.apple.product-type.application";
		};
		205AB59E1CF0B246002CDF3B /* Intro2Tests */ = {
			isa = PBXNativeTarget;
			buildConfigurationList = 205AB5AB1CF0B246002CDF3B /* Build configuration list for PBXNativeTarget "Intro2Tests" */;
			buildPhases = (
				205AB59B1CF0B246002CDF3B /* Sources */,
				205AB59C1CF0B246002CDF3B /* Frameworks */,
				205AB59D1CF0B246002CDF3B /* Resources */,
			);
			buildRules = (
			);
			dependencies = (
				205AB5A11CF0B246002CDF3B /* PBXTargetDependency */,
			);
			name = Intro2Tests;
			productName = Intro2Tests;
			productReference = 205AB59F1CF0B246002CDF3B /* Intro2Tests.xctest */;
			productType = "com.apple.product-type.bundle.unit-test";
		};
/* End PBXNativeTarget section */

/* Begin PBXProject section */
		205AB5831CF0B245002CDF3B /* Project object */ = {
			isa = PBXProject;
			attributes = {
				LastSwiftUpdateCheck = 0730;
				LastUpgradeCheck = 0730;
				ORGANIZATIONNAME = SwiftiCode;
				TargetAttributes = {
					205AB58A1CF0B245002CDF3B = {
						CreatedOnToolsVersion = 7.3.1;
					};
					205AB59E1CF0B246002CDF3B = {
						CreatedOnToolsVersion = 7.3.1;
						TestTargetID = 205AB58A1CF0B245002CDF3B;
					};
				};
			};
			buildConfigurationList = 205AB5861CF0B245002CDF3B /* Build configuration list for PBXProject "Intro2" */;
			compatibilityVersion = "Xcode 3.2";
			developmentRegion = English;
			hasScannedForEncodings = 0;
			knownRegions = (
				en,
				Base,
			);
			mainGroup = 205AB5821CF0B245002CDF3B;
			productRefGroup = 205AB58C1CF0B245002CDF3B /* Products */;
			projectDirPath = "";
			projectRoot = "";
			targets = (
				205AB58A1CF0B245002CDF3B /* Intro2 */,
				205AB59E1CF0B246002CDF3B /* Intro2Tests */,
			);
		};
/* End PBXProject section */

/* Begin PBXResourcesBuildPhase section */
		205AB5891CF0B245002CDF3B /* Resources */ = {
			isa = PBXResourcesBuildPhase;
			buildActionMask = 2147483647;
			files = (
				205AB5991CF0B246002CDF3B /* LaunchScreen.storyboard in Resources */,
				205AB5961CF0B246002CDF3B /* Assets.xcassets in Resources */,
				205AB5941CF0B245002CDF3B /* Main.storyboard in Resources */,
			);
			runOnlyForDeploymentPostprocessing = 0;
		};
		205AB59D1CF0B246002CDF3B /* Resources */ = {
			isa = PBXResourcesBuildPhase;
			buildActionMask = 2147483647;
			files = (
			);
			runOnlyForDeploymentPostprocessing = 0;
		};
/* End PBXResourcesBuildPhase section */

/* Begin PBXSourcesBuildPhase section */
		205AB5871CF0B245002CDF3B /* Sources */ = {
			isa = PBXSourcesBuildPhase;
			buildActionMask = 2147483647;
			files = (
				205AB5911CF0B245002CDF3B /* ViewController.swift in Sources */,
				205AB58F1CF0B245002CDF3B /* AppDelegate.swift in Sources */,
			);
			runOnlyForDeploymentPostprocessing = 0;
		};
		205AB59B1CF0B246002CDF3B /* Sources */ = {
			isa = PBXSourcesBuildPhase;
			buildActionMask = 2147483647;
			files = (
				205AB5A41CF0B246002CDF3B /* Intro2Tests.swift in Sources */,
			);
			runOnlyForDeploymentPostprocessing = 0;
		};
/* End PBXSourcesBuildPhase section */

/* Begin PBXTargetDependency section */
		205AB5A11CF0B246002CDF3B /* PBXTargetDependency */ = {
			isa = PBXTargetDependency;
			target = 205AB58A1CF0B245002CDF3B /* Intro2 */;
			targetProxy = 205AB5A01CF0B246002CDF3B /* PBXContainerItemProxy */;
		};
/* End PBXTargetDependency section */

/* Begin PBXVariantGroup section */
		205AB5921CF0B245002CDF3B /* Main.storyboard */ = {
			isa = PBXVariantGroup;
			children = (
				205AB5931CF0B245002CDF3B /* Base */,
			);
			name = Main.storyboard;
			sourceTree = "<group>";
		};
		205AB5971CF0B246002CDF3B /* LaunchScreen.storyboard */ = {
			isa = PBXVariantGroup;
			children = (
				205AB5981CF0B246002CDF3B /* Base */,
			);
			name = LaunchScreen.storyboard;
			sourceTree = "<group>";
		};
/* End PBXVariantGroup section */

/* Begin XCBuildConfiguration section */
		205AB5A61CF0B246002CDF3B /* Debug */ = {
			isa = XCBuildConfiguration;
			buildSettings = {
				ALWAYS_SEARCH_USER_PATHS = NO;
				CLANG_ANALYZER_NONNULL = YES;
				CLANG_CXX_LANGUAGE_STANDARD = "gnu++0x";
				CLANG_CXX_LIBRARY = "libc++";
				CLANG_ENABLE_MODULES = YES;
				CLANG_ENABLE_OBJC_ARC = YES;
				CLANG_WARN_BOOL_CONVERSION = YES;
				CLANG_WARN_CONSTANT_CONVERSION = YES;
				CLANG_WARN_DIRECT_OBJC_ISA_USAGE = YES_ERROR;
				CLANG_WARN_EMPTY_BODY = YES;
				CLANG_WARN_ENUM_CONVERSION = YES;
				CLANG_WARN_INT_CONVERSION = YES;
				CLANG_WARN_OBJC_ROOT_CLASS = YES_ERROR;
				CLANG_WARN_UNREACHABLE_CODE = YES;
				CLANG_WARN__DUPLICATE_METHOD_MATCH = YES;
				"CODE_SIGN_IDENTITY[sdk=iphoneos*]" = "iPhone Developer";
				COPY_PHASE_STRIP = NO;
				DEBUG_INFORMATION_FORMAT = dwarf;
				ENABLE_STRICT_OBJC_MSGSEND = YES;
				ENABLE_TESTABILITY = YES;
				GCC_C_LANGUAGE_STANDARD = gnu99;
				GCC_DYNAMIC_NO_PIC = NO;
				GCC_NO_COMMON_BLOCKS = YES;
				GCC_OPTIMIZATION_LEVEL = 0;
				GCC_PREPROCESSOR_DEFINITIONS = (
					"DEBUG=1",
					"$(inherited)",
				);
				GCC_WARN_64_TO_32_BIT_CONVERSION = YES;
				GCC_WARN_ABOUT_RETURN_TYPE = YES_ERROR;
				GCC_WARN_UNDECLARED_SELECTOR = YES;
				GCC_WARN_UNINITIALIZED_AUTOS = YES_AGGRESSIVE;
				GCC_WARN_UNUSED_FUNCTION = YES;
				GCC_WARN_UNUSED_VARIABLE = YES;
				IPHONEOS_DEPLOYMENT_TARGET = 9.3;
				MTL_ENABLE_DEBUG_INFO = YES;
				ONLY_ACTIVE_ARCH = YES;
				SDKROOT = iphoneos;
				SWIFT_OPTIMIZATION_LEVEL = "-Onone";
				TARGETED_DEVICE_FAMILY = "1,2";
			};
			name = Debug;
		};
		205AB5A71CF0B246002CDF3B /* Release */ = {
			isa = XCBuildConfiguration;
			buildSettings = {
				ALWAYS_SEARCH_USER_PATHS = NO;
				CLANG_ANALYZER_NONNULL = YES;
				CLANG_CXX_LANGUAGE_STANDARD = "gnu++0x";
				CLANG_CXX_LIBRARY = "libc++";
				CLANG_ENABLE_MODULES = YES;
				CLANG_ENABLE_OBJC_ARC = YES;
				CLANG_WARN_BOOL_CONVERSION = YES;
				CLANG_WARN_CONSTANT_CONVERSION = YES;
				CLANG_WARN_DIRECT_OBJC_ISA_USAGE = YES_ERROR;
				CLANG_WARN_EMPTY_BODY = YES;
				CLANG_WARN_ENUM_CONVERSION = YES;
				CLANG_WARN_INT_CONVERSION = YES;
				CLANG_WARN_OBJC_ROOT_CLASS = YES_ERROR;
				CLANG_WARN_UNREACHABLE_CODE = YES;
				CLANG_WARN__DUPLICATE_METHOD_MATCH = YES;
				"CODE_SIGN_IDENTITY[sdk=iphoneos*]" = "iPhone Developer";
				COPY_PHASE_STRIP = NO;
				DEBUG_INFORMATION_FORMAT = "dwarf-with-dsym";
				ENABLE_NS_ASSERTIONS = NO;
				ENABLE_STRICT_OBJC_MSGSEND = YES;
				GCC_C_LANGUAGE_STANDARD = gnu99;
				GCC_NO_COMMON_BLOCKS = YES;
				GCC_WARN_64_TO_32_BIT_CONVERSION = YES;
				GCC_WARN_ABOUT_RETURN_TYPE = YES_ERROR;
				GCC_WARN_UNDECLARED_SELECTOR = YES;
				GCC_WARN_UNINITIALIZED_AUTOS = YES_AGGRESSIVE;
				GCC_WARN_UNUSED_FUNCTION = YES;
				GCC_WARN_UNUSED_VARIABLE = YES;
				IPHONEOS_DEPLOYMENT_TARGET = 9.3;
				MTL_ENABLE_DEBUG_INFO = NO;
				SDKROOT = iphoneos;
				TARGETED_DEVICE_FAMILY = "1,2";
				VALIDATE_PRODUCT = YES;
			};
			name = Release;
		};
		205AB5A91CF0B246002CDF3B /* Debug */ = {
			isa = XCBuildConfiguration;
			buildSettings = {
				ASSETCATALOG_COMPILER_APPICON_NAME = AppIcon;
				CODE_SIGN_IDENTITY = "iPhone Developer";
				INFOPLIST_FILE = Intro2/Info.plist;
				LD_RUNPATH_SEARCH_PATHS = "$(inherited) @executable_path/Frameworks";
				PRODUCT_BUNDLE_IDENTIFIER = com.swifticode.Intro2;
				PRODUCT_NAME = "$(TARGET_NAME)";
			};
			name = Debug;
		};
		205AB5AA1CF0B246002CDF3B /* Release */ = {
			isa = XCBuildConfiguration;
			buildSettings = {
				ASSETCATALOG_COMPILER_APPICON_NAME = AppIcon;
				CODE_SIGN_IDENTITY = "iPhone Developer";
				INFOPLIST_FILE = Intro2/Info.plist;
				LD_RUNPATH_SEARCH_PATHS = "$(inherited) @executable_path/Frameworks";
				PRODUCT_BUNDLE_IDENTIFIER = com.swifticode.Intro2;
				PRODUCT_NAME = "$(TARGET_NAME)";
			};
			name = Release;
		};
		205AB5AC1CF0B246002CDF3B /* Debug */ = {
			isa = XCBuildConfiguration;
			buildSettings = {
				BUNDLE_LOADER = "$(TEST_HOST)";
				INFOPLIST_FILE = Intro2Tests/Info.plist;
				LD_RUNPATH_SEARCH_PATHS = "$(inherited) @executable_path/Frameworks @loader_path/Frameworks";
				PRODUCT_BUNDLE_IDENTIFIER = com.swifticode.Intro2Tests;
				PRODUCT_NAME = "$(TARGET_NAME)";
				TEST_HOST = "$(BUILT_PRODUCTS_DIR)/Intro2.app/Intro2";
			};
			name = Debug;
		};
		205AB5AD1CF0B246002CDF3B /* Release */ = {
			isa = XCBuildConfiguration;
			buildSettings = {
				BUNDLE_LOADER = "$(TEST_HOST)";
				INFOPLIST_FILE = Intro2Tests/Info.plist;
				LD_RUNPATH_SEARCH_PATHS = "$(inherited) @executable_path/Frameworks @loader_path/Frameworks";
				PRODUCT_BUNDLE_IDENTIFIER = com.swifticode.Intro2Tests;
				PRODUCT_NAME = "$(TARGET_NAME)";
				TEST_HOST = "$(BUILT_PRODUCTS_DIR)/Intro2.app/Intro2";
			};
			name = Release;
		};
/* End XCBuildConfiguration section */

/* Begin XCConfigurationList section */
		205AB5861CF0B245002CDF3B /* Build configuration list for PBXProject "Intro2" */ = {
			isa = XCConfigurationList;
			buildConfigurations = (
				205AB5A61CF0B246002CDF3B /* Debug */,
				205AB5A71CF0B246002CDF3B /* Release */,
			);
			defaultConfigurationIsVisible = 0;
			defaultConfigurationName = Release;
		};
		205AB5A81CF0B246002CDF3B /* Build configuration list for PBXNativeTarget "Intro2" */ = {
			isa = XCConfigurationList;
			buildConfigurations = (
				205AB5A91CF0B246002CDF3B /* Debug */,
				205AB5AA1CF0B246002CDF3B /* Release */,
			);
			defaultConfigurationIsVisible = 0;
			defaultConfigurationName = Release;
		};
		205AB5AB1CF0B246002CDF3B /* Build configuration list for PBXNativeTarget "Intro2Tests" */ = {
			isa = XCConfigurationList;
			buildConfigurations = (
				205AB5AC1CF0B246002CDF3B /* Debug */,
				205AB5AD1CF0B246002CDF3B /* Release */,
			);
			defaultConfigurationIsVisible = 0;
			defaultConfigurationName = Release;
		};
/* End XCConfigurationList section */
	};
	rootObject = 205AB5831CF0B245002CDF3B /* Project object */;
}
